
Microsoft Visual Studio Solution File, Format Version 12.00
# Visual Studio Version 17
VisualStudioVersion = 17.14.36414.22
MinimumVisualStudioVersion = 10.0.40219.1
Project("{FAE04EC0-301F-11D3-BF4B-00C04F79EFBC}") = "AdvancedCalculator", "AdvancedCalculator\AdvancedCalculator.csproj", "{7FB4567D-30C7-4D8C-9257-77E3867B12DF}"
EndProject
Project("{FAE04EC0-301F-11D3-BF4B-00C04F79EFBC}") = "MathParser", "Submodules\Parser\MathParser\MathParser.csproj", "{F34DADFD-CCEB-9521-6952-902986B3CCF9}"
EndProject
Project("{FAE04EC0-301F-11D3-BF4B-00C04F79EFBC}") = "UtilityCS", "Submodules\Parser\Submodules\UtilityCS\UtilityCS\UtilityCS.csproj", "{EC4DDA64-2EF9-753C-89C1-3C7D4B3F1B33}"
EndProject
Global
	GlobalSection(SolutionConfigurationPlatforms) = preSolution
		Debug|Any CPU = Debug|Any CPU
		Release|Any CPU = Release|Any CPU
	EndGlobalSection
	GlobalSection(ProjectConfigurationPlatforms) = postSolution
		{7FB4567D-30C7-4D8C-9257-77E3867B12DF}.Debug|Any CPU.ActiveCfg = Debug|Any CPU
		{7FB4567D-30C7-4D8C-9257-77E3867B12DF}.Debug|Any CPU.Build.0 = Debug|Any CPU
		{7FB4567D-30C7-4D8C-9257-77E3867B12DF}.Release|Any CPU.ActiveCfg = Release|Any CPU
		{7FB4567D-30C7-4D8C-9257-77E3867B12DF}.Release|Any CPU.Build.0 = Release|Any CPU
		{F34DADFD-CCEB-9521-6952-902986B3CCF9}.Debug|Any CPU.ActiveCfg = Debug|Any CPU
		{F34DADFD-CCEB-9521-6952-902986B3CCF9}.Debug|Any CPU.Build.0 = Debug|Any CPU
		{F34DADFD-CCEB-9521-6952-902986B3CCF9}.Release|Any CPU.ActiveCfg = Release|Any CPU
		{F34DADFD-CCEB-9521-6952-902986B3CCF9}.Release|Any CPU.Build.0 = Release|Any CPU
		{EC4DDA64-2EF9-753C-89C1-3C7D4B3F1B33}.Debug|Any CPU.ActiveCfg = Debug|Any CPU
		{EC4DDA64-2EF9-753C-89C1-3C7D4B3F1B33}.Debug|Any CPU.Build.0 = Debug|Any CPU
		{EC4DDA64-2EF9-753C-89C1-3C7D4B3F1B33}.Release|Any CPU.ActiveCfg = Release|Any CPU
		{EC4DDA64-2EF9-753C-89C1-3C7D4B3F1B33}.Release|Any CPU.Build.0 = Release|Any CPU
	EndGlobalSection
	GlobalSection(SolutionProperties) = preSolution
		HideSolutionNode = FALSE
	EndGlobalSection
	GlobalSection(ExtensibilityGlobals) = postSolution
		SolutionGuid = {A128C962-7C89-48C8-8F4B-CC69DB4AB3BE}
	EndGlobalSection
EndGlobal
